
Microsoft Visual Studio Solution File, Format Version 12.00
# Visual Studio 2012
Project("{FAE04EC0-301F-11D3-BF4B-00C04F79EFBC}") = "MongoVS", "src\MongoVS\MongoVS.csproj", "{4805F33E-FBDF-4890-9C74-1476D04838CC}"
EndProject
Global
	GlobalSection(SolutionConfigurationPlatforms) = preSolution
		Debug|Any CPU = Debug|Any CPU
		Release|Any CPU = Release|Any CPU
	EndGlobalSection
	GlobalSection(ProjectConfigurationPlatforms) = postSolution
		{4805F33E-FBDF-4890-9C74-1476D04838CC}.Debug|Any CPU.ActiveCfg = Debug|Any CPU
		{4805F33E-FBDF-4890-9C74-1476D04838CC}.Debug|Any CPU.Build.0 = Debug|Any CPU
		{4805F33E-FBDF-4890-9C74-1476D04838CC}.Release|Any CPU.ActiveCfg = Release|Any CPU
		{4805F33E-FBDF-4890-9C74-1476D04838CC}.Release|Any CPU.Build.0 = Release|Any CPU
	EndGlobalSection
	GlobalSection(SolutionProperties) = preSolution
		HideSolutionNode = FALSE
	EndGlobalSection
EndGlobal
